
Microsoft Visual Studio Solution File, Format Version 12.00
# Visual Studio Version 17
VisualStudioVersion = 17.1.32319.34
MinimumVisualStudioVersion = 10.0.40219.1
Project("{FAE04EC0-301F-11D3-BF4B-00C04F79EFBC}") = "ROLES_PERMISOS_ESCRITORIO", "ROLES_PERMISOS_ESCRITORIO\ROLES_PERMISOS_ESCRITORIO.csproj", "{76D620CE-3450-4D6A-8934-9048A18C1EBE}"
EndProject
Global
	GlobalSection(SolutionConfigurationPlatforms) = preSolution
		Debug|Any CPU = Debug|Any CPU
		Release|Any CPU = Release|Any CPU
	EndGlobalSection
	GlobalSection(ProjectConfigurationPlatforms) = postSolution
		{76D620CE-3450-4D6A-8934-9048A18C1EBE}.Debug|Any CPU.ActiveCfg = Debug|Any CPU
		{76D620CE-3450-4D6A-8934-9048A18C1EBE}.Debug|Any CPU.Build.0 = Debug|Any CPU
		{76D620CE-3450-4D6A-8934-9048A18C1EBE}.Release|Any CPU.ActiveCfg = Release|Any CPU
		{76D620CE-3450-4D6A-8934-9048A18C1EBE}.Release|Any CPU.Build.0 = Release|Any CPU
	EndGlobalSection
	GlobalSection(SolutionProperties) = preSolution
		HideSolutionNode = FALSE
	EndGlobalSection
	GlobalSection(ExtensibilityGlobals) = postSolution
		SolutionGuid = {533530E9-0E74-42A9-B04A-69D4C068B1EC}
	EndGlobalSection
EndGlobal
